
Microsoft Visual Studio Solution File, Format Version 12.00
# Visual Studio Version 16
VisualStudioVersion = 16.0.30330.147
MinimumVisualStudioVersion = 10.0.40219.1
Project("{888888A0-9F3D-457C-B088-3A5042F75D52}") = "FLDarknet", "FLDarknet\FLDarknet.pyproj", "{C7BCFC8B-F86C-4D8F-9D3B-BB3FD5ED368C}"
EndProject
Global
	GlobalSection(SolutionConfigurationPlatforms) = preSolution
		Debug|Any CPU = Debug|Any CPU
		Release|Any CPU = Release|Any CPU
	EndGlobalSection
	GlobalSection(ProjectConfigurationPlatforms) = postSolution
		{C7BCFC8B-F86C-4D8F-9D3B-BB3FD5ED368C}.Debug|Any CPU.ActiveCfg = Debug|Any CPU
		{C7BCFC8B-F86C-4D8F-9D3B-BB3FD5ED368C}.Debug|Any CPU.Build.0 = Debug|Any CPU
		{C7BCFC8B-F86C-4D8F-9D3B-BB3FD5ED368C}.Release|Any CPU.ActiveCfg = Release|Any CPU
		{C7BCFC8B-F86C-4D8F-9D3B-BB3FD5ED368C}.Release|Any CPU.Build.0 = Release|Any CPU
	EndGlobalSection
	GlobalSection(SolutionProperties) = preSolution
		HideSolutionNode = FALSE
	EndGlobalSection
	GlobalSection(ExtensibilityGlobals) = postSolution
		SolutionGuid = {3FDC35CD-0142-4A5C-B6BB-E36C454A27AC}
	EndGlobalSection
EndGlobal
