github.com/a-h/templ v0.2.747 h1:D0dQ2lxC3W7Dxl6fxQ/1zZHBQslSkTSvl5FxP/CfdKg=
github.com/a-h/templ v0.2.747/go.mod h1:69ObQIbrcuwPCU32ohNaWce3Cb7qM5GMiqN1K+2yop4=
github.com/darklab8/fl-configs v0.105.0 h1:4IgRdYJraPMEepS4oQlywM0QjJr7/6x2z7ZDAoFYq88=
github.com/darklab8/fl-configs v0.105.0/go.mod h1:fbyKxEPv22FD2bvahG/Y6kYyhyvCMg0+J6mH230iB3s=
github.com/darklab8/fl-darkcore v0.8.0 h1:aKXpwwN6lL75Ch+nIQF4BTLpisGXbFRu+p/857y5U4E=
github.com/darklab8/fl-darkcore v0.8.0/go.mod h1:7CLmeqBIg71S/WrR/v75irT4GKZz420UooF/kC97mF8=
github.com/darklab8/fl-data-discovery v0.4.0 h1:cUacP+N04/PrYl4cmw687BAaQWVJI32scePjLfmqxEI=
github.com/darklab8/fl-data-discovery v0.4.0/go.mod h1:SgRh0N3cWrhslXVkc5LJXK52Mw4+Fdsbmv+0qkNJ6QI=
github.com/darklab8/go-typelog v0.6.2 h1:R6urrs4zgtjWfAngB7UclxpkVMA1uW3hEw7PEgSU7pU=
github.com/darklab8/go-typelog v0.6.2/go.mod h1:RPymaCKD04g9lpGNYTQ2RarSYD8XaAgTZKN5J9fGRGA=
github.com/darklab8/go-utils v0.21.1 h1:IpO1xRyauW6XnEOzLYww2cjd/Gx41Jtgi3PTxw21lqo=
github.com/darklab8/go-utils v0.21.1/go.mod h1:3PLk/FOPr+zgkw0ZOZbsT4C+nP/TE8ImfSosca7maLA=
github.com/davecgh/go-spew v1.1.1 h1:vj9j/u1bqnvCEfJOwUhtlOARqs3+rkHYY13jYWTU97c=
github.com/davecgh/go-spew v1.1.1/go.mod h1:J7Y8YcW2NihsgmVo/mv3lAwl/skON4iLHjSsI+c5H38=
github.com/google/go-cmp v0.6.0 h1:ofyhxvXcZhMsU5ulbFiLKl/XBFqE1GSq7atu8tAmTRI=
github.com/google/go-cmp v0.6.0/go.mod h1:17dUlkBOakJ0+DkrSSNjCkIjxS6bF9zb3elmeNGIjoY=
github.com/pmezard/go-difflib v1.0.0 h1:4DBwDE0NGyQoBHbLQYPwSUPoCMWR5BEzIk/f1lZbAQM=
github.com/pmezard/go-difflib v1.0.0/go.mod h1:iKH77koFhYxTK1pcRnkKkqfTogsbg7gZNVY4sRDYZ/4=
github.com/stretchr/testify v1.9.0 h1:HtqpIVDClZ4nwg75+f6Lvsy/wHu+3BoSGCbBAcpTsTg=
github.com/stretchr/testify v1.9.0/go.mod h1:r2ic/lqez/lEtzL7wO/rwa5dbSLXVDPFyf8C91i36aY=
golang.org/x/text v0.21.0 h1:zyQAAkrwaneQ066sspRyJaG9VNi/YJ1NfzcGB3hZ/qo=
golang.org/x/text v0.21.0/go.mod h1:4IBbMaMmOPCJ8SecivzSH54+73PCFmPWxNTLm+vZkEQ=
gopkg.in/check.v1 v0.0.0-20161208181325-20d25e280405 h1:yhCVgyC4o1eVCa2tZl7eS0r+SDo693bJlVdllGtEeKM=
gopkg.in/check.v1 v0.0.0-20161208181325-20d25e280405/go.mod h1:Co6ibVJAznAaIkqp8huTwlJQCZ016jof/cbN4VW5Yz0=
gopkg.in/yaml.v3 v3.0.1 h1:fxVm/GzAzEWqLHuvctI91KS9hhNmmWOoWu0XTYJS7CA=
gopkg.in/yaml.v3 v3.0.1/go.mod h1:K4uyk7z7BCEPqu6E+C64Yfv1cQ7kz7rIZviUmN+EgEM=
