github.com/darklab8/darklab_flconfigs v0.1.4 h1:B+guEqwjKd8O47yiz52Y/oEz9NXogOvlPWpAKTN+l9k=
github.com/darklab8/darklab_flconfigs v0.1.4/go.mod h1:pbcJ52c2Y7Op+v7ID7THqAOo4fLaxQwHxGd/bIDENFA=
github.com/darklab8/darklab_goutils v0.4.0 h1:+UmWEM5GDKTMwVVy5lghPQeh7UQGTIuO/Tck+5LznMs=
github.com/darklab8/darklab_goutils v0.4.0/go.mod h1:sL2yFr77PquFePdB9tsTFzNYspyz+hkW3a3sVUjFyrU=
github.com/davecgh/go-spew v1.1.1 h1:vj9j/u1bqnvCEfJOwUhtlOARqs3+rkHYY13jYWTU97c=
github.com/davecgh/go-spew v1.1.1/go.mod h1:J7Y8YcW2NihsgmVo/mv3lAwl/skON4iLHjSsI+c5H38=
github.com/google/uuid v1.3.0 h1:t6JiXgmwXMjEs8VusXIJk2BXHsn+wx8BZdTaoZ5fu7I=
github.com/google/uuid v1.3.0/go.mod h1:TIyPZe4MgqvfeYDBFedMoGGpEw/LqOeaOT+nhxU+yHo=
github.com/maxence-charriere/go-app/v9 v9.8.0 h1:rDfLNvxIKXyjpRS76P45kn9Xj8IumwfoqpsEJYxfd+E=
github.com/maxence-charriere/go-app/v9 v9.8.0/go.mod h1:gzgFoeaDuoNHw9MbJraTCKIoKtZ/SoIfOIHHn2FOffc=
github.com/pmezard/go-difflib v1.0.0 h1:4DBwDE0NGyQoBHbLQYPwSUPoCMWR5BEzIk/f1lZbAQM=
github.com/pmezard/go-difflib v1.0.0/go.mod h1:iKH77koFhYxTK1pcRnkKkqfTogsbg7gZNVY4sRDYZ/4=
github.com/stretchr/testify v1.8.4 h1:CcVxjf3Q8PM0mHUKJCdn+eZZtm5yQwehR5yeSVQQcUk=
github.com/stretchr/testify v1.8.4/go.mod h1:sz/lmYIOXD/1dqDmKjjqLyZ2RngseejIcXlSw2iwfAo=
gopkg.in/yaml.v3 v3.0.1 h1:fxVm/GzAzEWqLHuvctI91KS9hhNmmWOoWu0XTYJS7CA=
gopkg.in/yaml.v3 v3.0.1/go.mod h1:K4uyk7z7BCEPqu6E+C64Yfv1cQ7kz7rIZviUmN+EgEM=
