github.com/a-h/templ v0.2.543 h1:8YyLvyUtf0/IE2nIwZ62Z/m2o2NqwhnMynzOL78Lzbk=
github.com/a-h/templ v0.2.543/go.mod h1:jP908DQCwI08IrnTalhzSEH9WJqG/Q94+EODQcJGFUA=
github.com/darklab8/fl-configs v0.36.1 h1:3tkVsePYWzp9P/+eJmn/M7uB3LyDR3z+NAnkJpiwpjA=
github.com/darklab8/fl-configs v0.36.1/go.mod h1:8zaCaFL21TvawP65KB9NOJ+nEpaMDQYsnoOi77RiSVY=
github.com/darklab8/fl-configs v0.37.0 h1:FfVKXbejKB9D609dOs+tJPPnM6EqBp6nfNwr/82gYzs=
github.com/darklab8/fl-configs v0.37.0/go.mod h1:8zaCaFL21TvawP65KB9NOJ+nEpaMDQYsnoOi77RiSVY=
github.com/darklab8/fl-configs v0.38.0 h1:NW1Yh6sDYXNF5EbiRSai/Xim+DNkHPfgiyL0yicMxgI=
github.com/darklab8/fl-configs v0.38.0/go.mod h1:8zaCaFL21TvawP65KB9NOJ+nEpaMDQYsnoOi77RiSVY=
github.com/darklab8/fl-configs v0.41.0 h1:NM9q9Dj0r0KJAEMk6AoBqEXzA5KGDRk1G4d/PqgyUi0=
github.com/darklab8/fl-configs v0.41.0/go.mod h1:8zaCaFL21TvawP65KB9NOJ+nEpaMDQYsnoOi77RiSVY=
github.com/darklab8/fl-configs v0.41.1 h1:x5cpTfLkQ9aWW7iE3Hbfo0I1DiV295GRDadU+aiE8qs=
github.com/darklab8/fl-configs v0.41.1/go.mod h1:8zaCaFL21TvawP65KB9NOJ+nEpaMDQYsnoOi77RiSVY=
github.com/darklab8/fl-configs v0.41.2 h1:p6+Ye4PQEx8pj/UPZLT3Xl7h3OujirN0kz0gmGn4wLQ=
github.com/darklab8/fl-configs v0.41.2/go.mod h1:8zaCaFL21TvawP65KB9NOJ+nEpaMDQYsnoOi77RiSVY=
github.com/darklab8/fl-configs v0.42.0 h1:xxojyV2ytnUwJMzIZnmR3JKz9Ir/+ryZP8yQdbwD35Y=
github.com/darklab8/fl-configs v0.42.0/go.mod h1:8zaCaFL21TvawP65KB9NOJ+nEpaMDQYsnoOi77RiSVY=
github.com/darklab8/fl-configs v0.43.0 h1:6EJjh421kOloYqM4pwJtjSXUiAW+1KSM3We8j1lamS0=
github.com/darklab8/fl-configs v0.43.0/go.mod h1:8zaCaFL21TvawP65KB9NOJ+nEpaMDQYsnoOi77RiSVY=
github.com/darklab8/fl-configs v0.43.1 h1:+2kB+3EKMI2fyQvuWsQZUTZBcs9xup0SNfWweA4CyJg=
github.com/darklab8/fl-configs v0.43.1/go.mod h1:8zaCaFL21TvawP65KB9NOJ+nEpaMDQYsnoOi77RiSVY=
github.com/darklab8/fl-configs v0.44.0 h1:440Onf24VDE5bHxA9UwZECFTZmplpYS9G4Jmm9fHNzg=
github.com/darklab8/fl-configs v0.44.0/go.mod h1:8zaCaFL21TvawP65KB9NOJ+nEpaMDQYsnoOi77RiSVY=
github.com/darklab8/fl-configs v0.45.0 h1:Cfc/tMDn2eZL+EyC1aVrXMVU1gPWekW0b47RzJJ2V94=
github.com/darklab8/fl-configs v0.45.0/go.mod h1:8zaCaFL21TvawP65KB9NOJ+nEpaMDQYsnoOi77RiSVY=
github.com/darklab8/fl-configs v0.45.1 h1:fbXbbIwv4jP8cuf1/RbK8q8oY+J60zYdepBLI5C3MbY=
github.com/darklab8/fl-configs v0.45.1/go.mod h1:8zaCaFL21TvawP65KB9NOJ+nEpaMDQYsnoOi77RiSVY=
github.com/darklab8/fl-configs v0.46.0 h1:ysr8c9DM/IayRoBTtsKHgxzmxEvkKdCXIFksfHlGKcY=
github.com/darklab8/fl-configs v0.46.0/go.mod h1:8zaCaFL21TvawP65KB9NOJ+nEpaMDQYsnoOi77RiSVY=
github.com/darklab8/fl-configs v0.47.0 h1:Ar511VoQjb88rwouLATbLjBHj4vZAiz33in7ytAxHJk=
github.com/darklab8/fl-configs v0.47.0/go.mod h1:8zaCaFL21TvawP65KB9NOJ+nEpaMDQYsnoOi77RiSVY=
github.com/darklab8/fl-configs v0.48.0 h1:o49fkFnCBct2CquitlBuB371ppw0aN/EtNKukkdSf1o=
github.com/darklab8/fl-configs v0.48.0/go.mod h1:8zaCaFL21TvawP65KB9NOJ+nEpaMDQYsnoOi77RiSVY=
github.com/darklab8/fl-configs v0.49.0 h1:dRX48jx2PSYHStI5e8qwV7K9s+GBMG8/+kTmqIXsdCA=
github.com/darklab8/fl-configs v0.49.0/go.mod h1:8zaCaFL21TvawP65KB9NOJ+nEpaMDQYsnoOi77RiSVY=
github.com/darklab8/fl-configs v0.49.1 h1:zBXwSE6GLPhx2nJNkEf9Y7wfORbOV/r2O8hBYIBLtIE=
github.com/darklab8/fl-configs v0.49.1/go.mod h1:8zaCaFL21TvawP65KB9NOJ+nEpaMDQYsnoOi77RiSVY=
github.com/darklab8/fl-configs v0.50.0 h1:58xQ/3qgiJTAdvnU8dy7Hl3f/k/+QptvHfx3V6J8eRc=
github.com/darklab8/fl-configs v0.50.0/go.mod h1:8zaCaFL21TvawP65KB9NOJ+nEpaMDQYsnoOi77RiSVY=
github.com/darklab8/fl-configs v0.50.1 h1:DDfenzoulLRpm+NQD3rRN7l08UTWUwb8fzoJQ5bdnZc=
github.com/darklab8/fl-configs v0.50.1/go.mod h1:8zaCaFL21TvawP65KB9NOJ+nEpaMDQYsnoOi77RiSVY=
github.com/darklab8/fl-configs v0.50.2 h1:oPQ1ZBJoJpHzlFnW88RlUpA8tLlqph5m5IblfJHmGaU=
github.com/darklab8/fl-configs v0.50.2/go.mod h1:8zaCaFL21TvawP65KB9NOJ+nEpaMDQYsnoOi77RiSVY=
github.com/darklab8/fl-configs v0.51.0 h1:/oFHoFZUSz66Xn1BiKa59uW8rpiwtzFA9H223EX5+L0=
github.com/darklab8/fl-configs v0.51.0/go.mod h1:8zaCaFL21TvawP65KB9NOJ+nEpaMDQYsnoOi77RiSVY=
github.com/darklab8/go-typelog v0.6.0 h1:Ci8imc7ScXiy5e1qMgf46NyJjrqNLPoIE1gbVe7bxl4=
github.com/darklab8/go-typelog v0.6.0/go.mod h1:AwwOf3dkp/tpevHFNbkB+PbwlDrUUgO1CVFkEnj+q5w=
github.com/darklab8/go-utils v0.13.1 h1:QvtAi6moVjoPIqZqVb4RZxdE4IbFIqi/0O3v7MACfg0=
github.com/darklab8/go-utils v0.13.1/go.mod h1:zApy0zIFiGCw496OIot7dl8i2cAsQMyPyf3PCMMpS3g=
github.com/davecgh/go-spew v1.1.1 h1:vj9j/u1bqnvCEfJOwUhtlOARqs3+rkHYY13jYWTU97c=
github.com/davecgh/go-spew v1.1.1/go.mod h1:J7Y8YcW2NihsgmVo/mv3lAwl/skON4iLHjSsI+c5H38=
github.com/google/go-cmp v0.6.0 h1:ofyhxvXcZhMsU5ulbFiLKl/XBFqE1GSq7atu8tAmTRI=
github.com/google/go-cmp v0.6.0/go.mod h1:17dUlkBOakJ0+DkrSSNjCkIjxS6bF9zb3elmeNGIjoY=
github.com/pmezard/go-difflib v1.0.0 h1:4DBwDE0NGyQoBHbLQYPwSUPoCMWR5BEzIk/f1lZbAQM=
github.com/pmezard/go-difflib v1.0.0/go.mod h1:iKH77koFhYxTK1pcRnkKkqfTogsbg7gZNVY4sRDYZ/4=
github.com/stretchr/testify v1.8.4 h1:CcVxjf3Q8PM0mHUKJCdn+eZZtm5yQwehR5yeSVQQcUk=
github.com/stretchr/testify v1.8.4/go.mod h1:sz/lmYIOXD/1dqDmKjjqLyZ2RngseejIcXlSw2iwfAo=
github.com/yosssi/gohtml v0.0.0-20201013000340-ee4748c638f4 h1:0sw0nJM544SpsihWx1bkXdYLQDlzRflMgFJQ4Yih9ts=
github.com/yosssi/gohtml v0.0.0-20201013000340-ee4748c638f4/go.mod h1:+ccdNT0xMY1dtc5XBxumbYfOUhmduiGudqaDgD2rVRE=
golang.org/x/net v0.21.0 h1:AQyQV4dYCvJ7vGmJyKki9+PBdyvhkSd8EIx/qb0AYv4=
golang.org/x/net v0.21.0/go.mod h1:bIjVDfnllIU7BJ2DNgfnXvpSvtn8VRwhlsaeUTyUS44=
golang.org/x/text v0.14.0 h1:ScX5w1eTa3QqT8oi6+ziP7dTV1S2+ALU0bI+0zXKWiQ=
golang.org/x/text v0.14.0/go.mod h1:18ZOQIKpY8NJVqYksKHtTdi31H5itFRjB5/qKTNYzSU=
gopkg.in/yaml.v3 v3.0.1 h1:fxVm/GzAzEWqLHuvctI91KS9hhNmmWOoWu0XTYJS7CA=
gopkg.in/yaml.v3 v3.0.1/go.mod h1:K4uyk7z7BCEPqu6E+C64Yfv1cQ7kz7rIZviUmN+EgEM=
