github.com/darklab8/go-utils v0.31.9 h1:b7BOqK4kR3K8lN9bBobtsRl72Ugz4G698ka78CRUdwI=
github.com/darklab8/go-utils v0.31.9/go.mod h1:PGseWy8mvz/clHH8fpq5Qi5gaBKX+tK2Fc3MV74cFgY=
go.opentelemetry.io/otel v1.35.0 h1:xKWKPxrxB6OtMCbmMY021CqC45J+3Onta9MqjhnusiQ=
go.opentelemetry.io/otel v1.35.0/go.mod h1:UEqy8Zp11hpkUrL73gSlELM0DupHoiq72dR+Zqel/+Y=
go.opentelemetry.io/otel/trace v1.35.0 h1:dPpEfJu1sDIqruz7BHFG3c7528f6ddfSWfFDVt/xgMs=
go.opentelemetry.io/otel/trace v1.35.0/go.mod h1:WUk7DtFp1Aw2MkvqGdwiXYDZZNvA/1J8o6xRXLrIkyc=
golang.org/x/crypto/x509roots/fallback v0.0.0-20260501174432-fd0b90d21f9a h1:8O35NEY188n08Gmz2lkDFUfw0nNuaHhwI8HdBVGnZwg=
golang.org/x/crypto/x509roots/fallback v0.0.0-20260501174432-fd0b90d21f9a/go.mod h1:+UoQFNBq2p2wO+Q6ddVtYc25GZ6VNdOMyyrd4nrqrKs=
