github.com/darklab8/fl-data-discovery v0.4.5 h1:9DD1w+7QN7LLiR4teWZs1uo57XiOQF6z/RKjhs+4qsI=
github.com/darklab8/fl-data-discovery v0.4.5/go.mod h1:SgRh0N3cWrhslXVkc5LJXK52Mw4+Fdsbmv+0qkNJ6QI=
github.com/darklab8/fl-data-discovery v0.5.0 h1:ylmc1sfFSVQ4V9xcgfmkc9HoJxYHruOE2rIkJJiqQBw=
github.com/darklab8/fl-data-discovery v0.5.0/go.mod h1:SgRh0N3cWrhslXVkc5LJXK52Mw4+Fdsbmv+0qkNJ6QI=
