github.com/darklab8/fl-data-discovery v0.4.5 h1:9DD1w+7QN7LLiR4teWZs1uo57XiOQF6z/RKjhs+4qsI=
github.com/darklab8/fl-data-discovery v0.4.5/go.mod h1:SgRh0N3cWrhslXVkc5LJXK52Mw4+Fdsbmv+0qkNJ6QI=
github.com/darklab8/fl-data-discovery v0.5.0 h1:ylmc1sfFSVQ4V9xcgfmkc9HoJxYHruOE2rIkJJiqQBw=
github.com/darklab8/fl-data-discovery v0.5.0/go.mod h1:SgRh0N3cWrhslXVkc5LJXK52Mw4+Fdsbmv+0qkNJ6QI=
github.com/darklab8/fl-data-discovery v0.5.1 h1:0csxVbOAzjqFCKgZlBaj31VJyn6bV4gI/RlOtf5lv0k=
github.com/darklab8/fl-data-discovery v0.5.1/go.mod h1:SgRh0N3cWrhslXVkc5LJXK52Mw4+Fdsbmv+0qkNJ6QI=
github.com/darklab8/fl-data-discovery v0.6.0 h1:F6nds9cA+6mGC7u18vpapaLvICm7iO8w9LFA/Od9CyA=
github.com/darklab8/fl-data-discovery v0.6.0/go.mod h1:Ywv+wHcb9nj8i9NRud7aaxswoUIsdVhm9H04u3RpNLY=
github.com/darklab8/fl-data-discovery v0.6.1 h1:i/hLnCXIm5koTEXELnc+KicLiGH6xifIBlasT7wdp30=
github.com/darklab8/fl-data-discovery v0.6.1/go.mod h1:Ywv+wHcb9nj8i9NRud7aaxswoUIsdVhm9H04u3RpNLY=
github.com/darklab8/fl-data-discovery v0.6.2 h1:eDuUSbvCn6wknh9bHF7XwXKm+z66wRzB4k+RQMLq6uY=
github.com/darklab8/fl-data-discovery v0.6.2/go.mod h1:Ywv+wHcb9nj8i9NRud7aaxswoUIsdVhm9H04u3RpNLY=
github.com/darklab8/go-utils v0.31.7 h1:mWmUg/Ra3tuaNb7k1ujZmG6z0+xKZhp6+A5xhd8YpP0=
github.com/darklab8/go-utils v0.31.7/go.mod h1:PGseWy8mvz/clHH8fpq5Qi5gaBKX+tK2Fc3MV74cFgY=
go.opentelemetry.io/otel v1.35.0 h1:xKWKPxrxB6OtMCbmMY021CqC45J+3Onta9MqjhnusiQ=
go.opentelemetry.io/otel v1.35.0/go.mod h1:UEqy8Zp11hpkUrL73gSlELM0DupHoiq72dR+Zqel/+Y=
go.opentelemetry.io/otel/trace v1.35.0 h1:dPpEfJu1sDIqruz7BHFG3c7528f6ddfSWfFDVt/xgMs=
go.opentelemetry.io/otel/trace v1.35.0/go.mod h1:WUk7DtFp1Aw2MkvqGdwiXYDZZNvA/1J8o6xRXLrIkyc=
gopkg.in/check.v1 v0.0.0-20161208181325-20d25e280405/go.mod h1:Co6ibVJAznAaIkqp8huTwlJQCZ016jof/cbN4VW5Yz0=
gopkg.in/yaml.v3 v3.0.1 h1:fxVm/GzAzEWqLHuvctI91KS9hhNmmWOoWu0XTYJS7CA=
gopkg.in/yaml.v3 v3.0.1/go.mod h1:K4uyk7z7BCEPqu6E+C64Yfv1cQ7kz7rIZviUmN+EgEM=
